
Microsoft Visual Studio Solution File, Format Version 12.00
# Visual Studio Version 17
VisualStudioVersion = 17.14.36202.13
MinimumVisualStudioVersion = 10.0.40219.1
Project("{888888A0-9F3D-457C-B088-3A5042F75D52}") = "python_application_builder", "python_application_builder\python_application_builder.pyproj", "{A56874B2-2C0A-4B33-B7CB-82C9A9BAC8D0}"
EndProject
Global
	GlobalSection(SolutionConfigurationPlatforms) = preSolution
		Debug|Any CPU = Debug|Any CPU
		Release|Any CPU = Release|Any CPU
	EndGlobalSection
	GlobalSection(ProjectConfigurationPlatforms) = postSolution
		{A56874B2-2C0A-4B33-B7CB-82C9A9BAC8D0}.Debug|Any CPU.ActiveCfg = Debug|Any CPU
		{A56874B2-2C0A-4B33-B7CB-82C9A9BAC8D0}.Release|Any CPU.ActiveCfg = Release|Any CPU
	EndGlobalSection
	GlobalSection(SolutionProperties) = preSolution
		HideSolutionNode = FALSE
	EndGlobalSection
	GlobalSection(ExtensibilityGlobals) = postSolution
		SolutionGuid = {E190FB4B-173C-478F-8650-532A0696E322}
	EndGlobalSection
EndGlobal
